// !$*UTF8*$!
{
	archiveVersion = 1;
	classes = {
	};
	objectVersion = 71;
	objects = {

/* Begin PBXBuildFile section */
		8E9C0F1B2A3B4C5D6E7F0101 /* DocketApp.swift in Sources */ = {isa = PBXBuildFile; fileRef = 8E9C0F1B2A3B4C5D6E7F0201 /* DocketApp.swift */; };
		8E9C0F1B2A3B4C5D6E7F0102 /* Task.swift in Sources */ = {isa = PBXBuildFile; fileRef = 8E9C0F1B2A3B4C5D6E7F0202 /* Task.swift */; };
		8E9C0F1B2A3B4C5D6E7F0103 /* Color+Extensions.swift in Sources */ = {isa = PBXBuildFile; fileRef = 8E9C0F1B2A3B4C5D6E7F0203 /* Color+Extensions.swift */; };
		8E9C0F1B2A3B4C5D6E7F0104 /* Date+Extensions.swift in Sources */ = {isa = PBXBuildFile; fileRef = 8E9C0F1B2A3B4C5D6E7F0204 /* Date+Extensions.swift */; };
		8E9C0F1B2A3B4C5D6E7F0105 /* AddTaskView.swift in Sources */ = {isa = PBXBuildFile; fileRef = 8E9C0F1B2A3B4C5D6E7F0205 /* AddTaskView.swift */; };
		8E9C0F1B2A3B4C5D6E7F0106 /* EditTaskView.swift in Sources */ = {isa = PBXBuildFile; fileRef = 8E9C0F1B2A3B4C5D6E7F0206 /* EditTaskView.swift */; };
		8E9C0F1B2A3B4C5D6E7F0107 /* EmptyListView.swift in Sources */ = {isa = PBXBuildFile; fileRef = 8E9C0F1B2A3B4C5D6E7F0207 /* EmptyListView.swift */; };
		8E9C0F1B2A3B4C5D6E7F0108 /* TaskListView.swift in Sources */ = {isa = PBXBuildFile; fileRef = 8E9C0F1B2A3B4C5D6E7F0208 /* TaskListView.swift */; };
		8E9C0F1B2A3B4C5D6E7F0109 /* TaskRowView.swift in Sources */ = {isa = PBXBuildFile; fileRef = 8E9C0F1B2A3B4C5D6E7F0209 /* TaskRowView.swift */; };
		8E9C0F1B2A3B4C5D6E7F0110 /* Assets.xcassets in Resources */ = {isa = PBXBuildFile; fileRef = 8E9C0F1B2A3B4C5D6E7F0210 /* Assets.xcassets */; };
		8E9C0F1B2A3B4C5D6E7F0111 /* Preview Assets.xcassets in Resources */ = {isa = PBXBuildFile; fileRef = 8E9C0F1B2A3B4C5D6E7F0211 /* Preview Assets.xcassets */; };
		8E9C0F1B2A3B4C5D6E7F0112 /* SupabaseConfig.swift in Sources */ = {isa = PBXBuildFile; fileRef = 8E9C0F1B2A3B4C5D6E7F0212 /* SupabaseConfig.swift */; };
		8E9C0F1B2A3B4C5D6E7F0113 /* AuthManager.swift in Sources */ = {isa = PBXBuildFile; fileRef = 8E9C0F1B2A3B4C5D6E7F0213 /* AuthManager.swift */; };
		8E9C0F1B2A3B4C5D6E7F0114 /* SyncEngine.swift in Sources */ = {isa = PBXBuildFile; fileRef = 8E9C0F1B2A3B4C5D6E7F0214 /* SyncEngine.swift */; };
		8E9C0F1B2A3B4C5D6E7F0115 /* AuthView.swift in Sources */ = {isa = PBXBuildFile; fileRef = 8E9C0F1B2A3B4C5D6E7F0215 /* AuthView.swift */; };
		8E9C0F1B2A3B4C5D6E7F0116 /* CategoryStore.swift in Sources */ = {isa = PBXBuildFile; fileRef = 8E9C0F1B2A3B4C5D6E7F0216 /* CategoryStore.swift */; };
		8E9C0F1B2A3B4C5D6E7F0117 /* CategoryPickerView.swift in Sources */ = {isa = PBXBuildFile; fileRef = 8E9C0F1B2A3B4C5D6E7F0217 /* CategoryPickerView.swift */; };
		8E9C0F1B2A3B4C5D6E7F0120 /* GroceryStore.swift in Sources */ = {isa = PBXBuildFile; fileRef = 8E9C0F1B2A3B4C5D6E7F0218 /* GroceryStore.swift */; };
		8E9C0F1B2A3B4C5D6E7F0121 /* NotificationManager.swift in Sources */ = {isa = PBXBuildFile; fileRef = 8E9C0F1B2A3B4C5D6E7F0219 /* NotificationManager.swift */; };
		8E9C0F1B2A3B4C5D6E7F0122 /* ProfileView.swift in Sources */ = {isa = PBXBuildFile; fileRef = 8E9C0F1B2A3B4C5D6E7F021A /* ProfileView.swift */; };
		8E9C0F1B2A3B4C5D6E7F0123 /* ChecklistEditorView.swift in Sources */ = {isa = PBXBuildFile; fileRef = 8E9C0F1B2A3B4C5D6E7F021B /* ChecklistEditorView.swift */; };
		8E9C0F1B2A3B4C5D6E7F0124 /* GroceryTemplateListView.swift in Sources */ = {isa = PBXBuildFile; fileRef = 8E9C0F1B2A3B4C5D6E7F021C /* GroceryTemplateListView.swift */; };
		8E9C0F1B2A3B4C5D6E7F0125 /* GroceryItemsView.swift in Sources */ = {isa = PBXBuildFile; fileRef = 8E9C0F1B2A3B4C5D6E7F021D /* GroceryItemsView.swift */; };
		8E9C0F1B2A3B4C5D6E7F0126 /* ShareTaskView.swift in Sources */ = {isa = PBXBuildFile; fileRef = 8E9C0F1B2A3B4C5D6E7F021E /* ShareTaskView.swift */; };
		8E9C0F1B2A3B4C5D6E7F0127 /* ContactsListView.swift in Sources */ = {isa = PBXBuildFile; fileRef = 8E9C0F1B2A3B4C5D6E7F021F /* ContactsListView.swift */; };
		8E9C0F1B2A3B4C5D6E7F0128 /* ContactInsert.swift in Sources */ = {isa = PBXBuildFile; fileRef = 8E9C0F1B2A3B4C5D6E7F0220 /* ContactInsert.swift */; };
		8E9C0F1B2A3B4C5D6E7F0129 /* UserProfile.swift in Sources */ = {isa = PBXBuildFile; fileRef = 8E9C0F1B2A3B4C5D6E7F0221 /* UserProfile.swift */; };
		8E9C0F1B2A3B4C5D6E7F012A /* CountryCodes.swift in Sources */ = {isa = PBXBuildFile; fileRef = 8E9C0F1B2A3B4C5D6E7F0222 /* CountryCodes.swift */; };
		8E9C0F1B2A3B4C5D6E7F012B /* EmojiPickerView.swift in Sources */ = {isa = PBXBuildFile; fileRef = 8E9C0F1B2A3B4C5D6E7F0223 /* EmojiPickerView.swift */; };
		8E9C0F1B2A3B4C5D6E7F012D /* IngredientLibrary.swift in Sources */ = {isa = PBXBuildFile; fileRef = 8E9C0F1B2A3B4C5D6E7F0224 /* IngredientLibrary.swift */; };
		8E9C0F1B2A3B4C5D6E7F012E /* StoreStore.swift in Sources */ = {isa = PBXBuildFile; fileRef = 8E9C0F1B2A3B4C5D6E7F0225 /* StoreStore.swift */; };
		8E9C0F1B2A3B4C5D6E7F012F /* StorePickerView.swift in Sources */ = {isa = PBXBuildFile; fileRef = 8E9C0F1B2A3B4C5D6E7F0226 /* StorePickerView.swift */; };
		8E9C0F1B2A3B4C5D6E7F0130 /* PushNotificationManager.swift in Sources */ = {isa = PBXBuildFile; fileRef = 8E9C0F1B2A3B4C5D6E7F0230 /* PushNotificationManager.swift */; };
		8E9C0F1B2A3B4C5D6E7F0131 /* SharedAvatarView.swift in Sources */ = {isa = PBXBuildFile; fileRef = 8E9C0F1B2A3B4C5D6E7F0231 /* SharedAvatarView.swift */; };
		8E9C0F1B2A3B4C5D6E7F0132 /* String+Validation.swift in Sources */ = {isa = PBXBuildFile; fileRef = 8E9C0F1B2A3B4C5D6E7F0232 /* String+Validation.swift */; };
		8E9C0F1B2A3B4C5D6E7F0133 /* CategoryIconColorPicker.swift in Sources */ = {isa = PBXBuildFile; fileRef = 8E9C0F1B2A3B4C5D6E7F0233 /* CategoryIconColorPicker.swift */; };
		8E9C0F1B2A3B4C5D6E7F0134 /* NetworkMonitor.swift in Sources */ = {isa = PBXBuildFile; fileRef = 8E9C0F1B2A3B4C5D6E7F0234 /* NetworkMonitor.swift */; };
		8E9C0F1B2A3B4C5D6E7F0135 /* ParsedTask.swift in Sources */ = {isa = PBXBuildFile; fileRef = 8E9C0F1B2A3B4C5D6E7F0235 /* ParsedTask.swift */; };
		8E9C0F1B2A3B4C5D6E7F0136 /* SpeechRecognitionManager.swift in Sources */ = {isa = PBXBuildFile; fileRef = 8E9C0F1B2A3B4C5D6E7F0236 /* SpeechRecognitionManager.swift */; };
		8E9C0F1B2A3B4C5D6E7F0137 /* TTSManager.swift in Sources */ = {isa = PBXBuildFile; fileRef = 8E9C0F1B2A3B4C5D6E7F0237 /* TTSManager.swift */; };
		8E9C0F1B2A3B4C5D6E7F0138 /* VoiceRecordingView.swift in Sources */ = {isa = PBXBuildFile; fileRef = 8E9C0F1B2A3B4C5D6E7F0238 /* VoiceRecordingView.swift */; };
		8E9C0F1B2A3B4C5D6E7F0139 /* TaskConfirmationView.swift in Sources */ = {isa = PBXBuildFile; fileRef = 8E9C0F1B2A3B4C5D6E7F0239 /* TaskConfirmationView.swift */; };
		8E9C0F1B2A3B4C5D6E7F013A /* VoiceTaskParser.swift in Sources */ = {isa = PBXBuildFile; fileRef = 8E9C0F1B2A3B4C5D6E7F023A /* VoiceTaskParser.swift */; };
		8E9C0F1B2A3B4C5D6E7F013B /* NotificationsListView.swift in Sources */ = {isa = PBXBuildFile; fileRef = 8E9C0F1B2A3B4C5D6E7F023B /* NotificationsListView.swift */; };
		AD6606E62F36F09B004CEBFE /* Supabase in Frameworks */ = {isa = PBXBuildFile; productRef = AD6606E52F36F09B004CEBFE /* Supabase */; };
		AD6606E92F37934E004CEBFE /* AppIcon.icon in Resources */ = {isa = PBXBuildFile; fileRef = AD6606E82F37934E004CEBFE /* AppIcon.icon */; };
/* End PBXBuildFile section */

/* Begin PBXFileReference section */
		8E9C0F1B2A3B4C5D6E7F0200 /* Docket.app */ = {isa = PBXFileReference; explicitFileType = wrapper.application; path = Docket.app; sourceTree = BUILT_PRODUCTS_DIR; };
		8E9C0F1B2A3B4C5D6E7F0201 /* DocketApp.swift */ = {isa = PBXFileReference; lastKnownFileType = sourcecode.swift; path = DocketApp.swift; sourceTree = "<group>"; };
		8E9C0F1B2A3B4C5D6E7F0202 /* Task.swift */ = {isa = PBXFileReference; lastKnownFileType = sourcecode.swift; path = Task.swift; sourceTree = "<group>"; };
		8E9C0F1B2A3B4C5D6E7F0203 /* Color+Extensions.swift */ = {isa = PBXFileReference; lastKnownFileType = sourcecode.swift; path = "Color+Extensions.swift"; sourceTree = "<group>"; };
		8E9C0F1B2A3B4C5D6E7F0204 /* Date+Extensions.swift */ = {isa = PBXFileReference; lastKnownFileType = sourcecode.swift; path = "Date+Extensions.swift"; sourceTree = "<group>"; };
		8E9C0F1B2A3B4C5D6E7F0205 /* AddTaskView.swift */ = {isa = PBXFileReference; lastKnownFileType = sourcecode.swift; path = AddTaskView.swift; sourceTree = "<group>"; };
		8E9C0F1B2A3B4C5D6E7F0206 /* EditTaskView.swift */ = {isa = PBXFileReference; lastKnownFileType = sourcecode.swift; path = EditTaskView.swift; sourceTree = "<group>"; };
		8E9C0F1B2A3B4C5D6E7F0207 /* EmptyListView.swift */ = {isa = PBXFileReference; lastKnownFileType = sourcecode.swift; path = EmptyListView.swift; sourceTree = "<group>"; };
		8E9C0F1B2A3B4C5D6E7F0208 /* TaskListView.swift */ = {isa = PBXFileReference; lastKnownFileType = sourcecode.swift; path = TaskListView.swift; sourceTree = "<group>"; };
		8E9C0F1B2A3B4C5D6E7F0209 /* TaskRowView.swift */ = {isa = PBXFileReference; lastKnownFileType = sourcecode.swift; path = TaskRowView.swift; sourceTree = "<group>"; };
		8E9C0F1B2A3B4C5D6E7F0210 /* Assets.xcassets */ = {isa = PBXFileReference; lastKnownFileType = folder.assetcatalog; path = Assets.xcassets; sourceTree = "<group>"; };
		8E9C0F1B2A3B4C5D6E7F0211 /* Preview Assets.xcassets */ = {isa = PBXFileReference; lastKnownFileType = folder.assetcatalog; path = "Preview Assets.xcassets"; sourceTree = "<group>"; };
		8E9C0F1B2A3B4C5D6E7F0212 /* SupabaseConfig.swift */ = {isa = PBXFileReference; lastKnownFileType = sourcecode.swift; path = SupabaseConfig.swift; sourceTree = "<group>"; };
		8E9C0F1B2A3B4C5D6E7F0213 /* AuthManager.swift */ = {isa = PBXFileReference; lastKnownFileType = sourcecode.swift; path = AuthManager.swift; sourceTree = "<group>"; };
		8E9C0F1B2A3B4C5D6E7F0214 /* SyncEngine.swift */ = {isa = PBXFileReference; lastKnownFileType = sourcecode.swift; path = SyncEngine.swift; sourceTree = "<group>"; };
		8E9C0F1B2A3B4C5D6E7F0215 /* AuthView.swift */ = {isa = PBXFileReference; lastKnownFileType = sourcecode.swift; path = AuthView.swift; sourceTree = "<group>"; };
		8E9C0F1B2A3B4C5D6E7F0216 /* CategoryStore.swift */ = {isa = PBXFileReference; lastKnownFileType = sourcecode.swift; path = CategoryStore.swift; sourceTree = "<group>"; };
		8E9C0F1B2A3B4C5D6E7F0217 /* CategoryPickerView.swift */ = {isa = PBXFileReference; lastKnownFileType = sourcecode.swift; path = CategoryPickerView.swift; sourceTree = "<group>"; };
		8E9C0F1B2A3B4C5D6E7F0218 /* GroceryStore.swift */ = {isa = PBXFileReference; lastKnownFileType = sourcecode.swift; path = GroceryStore.swift; sourceTree = "<group>"; };
		8E9C0F1B2A3B4C5D6E7F0219 /* NotificationManager.swift */ = {isa = PBXFileReference; lastKnownFileType = sourcecode.swift; path = NotificationManager.swift; sourceTree = "<group>"; };
		8E9C0F1B2A3B4C5D6E7F021A /* ProfileView.swift */ = {isa = PBXFileReference; lastKnownFileType = sourcecode.swift; path = ProfileView.swift; sourceTree = "<group>"; };
		8E9C0F1B2A3B4C5D6E7F021B /* ChecklistEditorView.swift */ = {isa = PBXFileReference; lastKnownFileType = sourcecode.swift; path = ChecklistEditorView.swift; sourceTree = "<group>"; };
		8E9C0F1B2A3B4C5D6E7F021C /* GroceryTemplateListView.swift */ = {isa = PBXFileReference; lastKnownFileType = sourcecode.swift; path = GroceryTemplateListView.swift; sourceTree = "<group>"; };
		8E9C0F1B2A3B4C5D6E7F021D /* GroceryItemsView.swift */ = {isa = PBXFileReference; lastKnownFileType = sourcecode.swift; path = GroceryItemsView.swift; sourceTree = "<group>"; };
		8E9C0F1B2A3B4C5D6E7F021E /* ShareTaskView.swift */ = {isa = PBXFileReference; lastKnownFileType = sourcecode.swift; path = ShareTaskView.swift; sourceTree = "<group>"; };
		8E9C0F1B2A3B4C5D6E7F021F /* ContactsListView.swift */ = {isa = PBXFileReference; lastKnownFileType = sourcecode.swift; path = ContactsListView.swift; sourceTree = "<group>"; };
		8E9C0F1B2A3B4C5D6E7F0220 /* ContactInsert.swift */ = {isa = PBXFileReference; lastKnownFileType = sourcecode.swift; path = ContactInsert.swift; sourceTree = "<group>"; };
		8E9C0F1B2A3B4C5D6E7F0221 /* UserProfile.swift */ = {isa = PBXFileReference; lastKnownFileType = sourcecode.swift; path = UserProfile.swift; sourceTree = "<group>"; };
		8E9C0F1B2A3B4C5D6E7F0222 /* CountryCodes.swift */ = {isa = PBXFileReference; lastKnownFileType = sourcecode.swift; path = CountryCodes.swift; sourceTree = "<group>"; };
		8E9C0F1B2A3B4C5D6E7F0223 /* EmojiPickerView.swift */ = {isa = PBXFileReference; lastKnownFileType = sourcecode.swift; path = EmojiPickerView.swift; sourceTree = "<group>"; };
		8E9C0F1B2A3B4C5D6E7F0224 /* IngredientLibrary.swift */ = {isa = PBXFileReference; lastKnownFileType = sourcecode.swift; path = IngredientLibrary.swift; sourceTree = "<group>"; };
		8E9C0F1B2A3B4C5D6E7F0225 /* StoreStore.swift */ = {isa = PBXFileReference; lastKnownFileType = sourcecode.swift; path = StoreStore.swift; sourceTree = "<group>"; };
		8E9C0F1B2A3B4C5D6E7F0226 /* StorePickerView.swift */ = {isa = PBXFileReference; lastKnownFileType = sourcecode.swift; path = StorePickerView.swift; sourceTree = "<group>"; };
		8E9C0F1B2A3B4C5D6E7F0227 /* Info.plist */ = {isa = PBXFileReference; lastKnownFileType = text.plist.xml; path = Info.plist; sourceTree = "<group>"; };
		8E9C0F1B2A3B4C5D6E7F0230 /* PushNotificationManager.swift */ = {isa = PBXFileReference; lastKnownFileType = sourcecode.swift; path = PushNotificationManager.swift; sourceTree = "<group>"; };
		8E9C0F1B2A3B4C5D6E7F0231 /* SharedAvatarView.swift */ = {isa = PBXFileReference; lastKnownFileType = sourcecode.swift; path = SharedAvatarView.swift; sourceTree = "<group>"; };
		8E9C0F1B2A3B4C5D6E7F0232 /* String+Validation.swift */ = {isa = PBXFileReference; lastKnownFileType = sourcecode.swift; path = "String+Validation.swift"; sourceTree = "<group>"; };
		8E9C0F1B2A3B4C5D6E7F0233 /* CategoryIconColorPicker.swift */ = {isa = PBXFileReference; lastKnownFileType = sourcecode.swift; path = CategoryIconColorPicker.swift; sourceTree = "<group>"; };
		8E9C0F1B2A3B4C5D6E7F0234 /* NetworkMonitor.swift */ = {isa = PBXFileReference; lastKnownFileType = sourcecode.swift; path = NetworkMonitor.swift; sourceTree = "<group>"; };
		8E9C0F1B2A3B4C5D6E7F0235 /* ParsedTask.swift */ = {isa = PBXFileReference; lastKnownFileType = sourcecode.swift; path = ParsedTask.swift; sourceTree = "<group>"; };
		8E9C0F1B2A3B4C5D6E7F0236 /* SpeechRecognitionManager.swift */ = {isa = PBXFileReference; lastKnownFileType = sourcecode.swift; path = SpeechRecognitionManager.swift; sourceTree = "<group>"; };
		8E9C0F1B2A3B4C5D6E7F0237 /* TTSManager.swift */ = {isa = PBXFileReference; lastKnownFileType = sourcecode.swift; path = TTSManager.swift; sourceTree = "<group>"; };
		8E9C0F1B2A3B4C5D6E7F0238 /* VoiceRecordingView.swift */ = {isa = PBXFileReference; lastKnownFileType = sourcecode.swift; path = VoiceRecordingView.swift; sourceTree = "<group>"; };
		8E9C0F1B2A3B4C5D6E7F0239 /* TaskConfirmationView.swift */ = {isa = PBXFileReference; lastKnownFileType = sourcecode.swift; path = TaskConfirmationView.swift; sourceTree = "<group>"; };
		8E9C0F1B2A3B4C5D6E7F023A /* VoiceTaskParser.swift */ = {isa = PBXFileReference; lastKnownFileType = sourcecode.swift; path = VoiceTaskParser.swift; sourceTree = "<group>"; };
		8E9C0F1B2A3B4C5D6E7F023B /* NotificationsListView.swift */ = {isa = PBXFileReference; lastKnownFileType = sourcecode.swift; path = NotificationsListView.swift; sourceTree = "<group>"; };
		AD6606E72F36F4F0004CEBFE /* Docket.entitlements */ = {isa = PBXFileReference; lastKnownFileType = text.plist.entitlements; path = Docket.entitlements; sourceTree = "<group>"; };
		AD6606E82F37934E004CEBFE /* AppIcon.icon */ = {isa = PBXFileReference; lastKnownFileType = folder.iconcomposer.icon; path = AppIcon.icon; sourceTree = "<group>"; };
/* End PBXFileReference section */

/* Begin PBXFrameworksBuildPhase section */
		8E9C0F1B2A3B4C5D6E7F0301 /* Frameworks */ = {
			isa = PBXFrameworksBuildPhase;
			buildActionMask = 2147483647;
			files = (
				AD6606E62F36F09B004CEBFE /* Supabase in Frameworks */,
			);
			runOnlyForDeploymentPostprocessing = 0;
		};
/* End PBXFrameworksBuildPhase section */

/* Begin PBXGroup section */
		8E9C0F1B2A3B4C5D6E7F0003 = {
			isa = PBXGroup;
			children = (
				8E9C0F1B2A3B4C5D6E7F0005 /* Docket */,
				AD6606E42F36F09B004CEBFE /* Frameworks */,
				8E9C0F1B2A3B4C5D6E7F0004 /* Products */,
			);
			sourceTree = "<group>";
		};
		8E9C0F1B2A3B4C5D6E7F0004 /* Products */ = {
			isa = PBXGroup;
			children = (
				8E9C0F1B2A3B4C5D6E7F0200 /* Docket.app */,
			);
			name = Products;
			sourceTree = "<group>";
		};
		8E9C0F1B2A3B4C5D6E7F0005 /* Docket */ = {
			isa = PBXGroup;
			children = (
				AD6606E82F37934E004CEBFE /* AppIcon.icon */,
				AD6606E72F36F4F0004CEBFE /* Docket.entitlements */,
				8E9C0F1B2A3B4C5D6E7F0227 /* Info.plist */,
				8E9C0F1B2A3B4C5D6E7F0201 /* DocketApp.swift */,
				8E9C0F1B2A3B4C5D6E7F0006 /* Models */,
				8E9C0F1B2A3B4C5D6E7F000A /* Managers */,
				8E9C0F1B2A3B4C5D6E7F0008 /* Utilities */,
				8E9C0F1B2A3B4C5D6E7F0007 /* Views */,
				8E9C0F1B2A3B4C5D6E7F0210 /* Assets.xcassets */,
				8E9C0F1B2A3B4C5D6E7F0009 /* Preview Content */,
			);
			path = Docket;
			sourceTree = "<group>";
		};
		8E9C0F1B2A3B4C5D6E7F0006 /* Models */ = {
			isa = PBXGroup;
			children = (
				8E9C0F1B2A3B4C5D6E7F0202 /* Task.swift */,
				8E9C0F1B2A3B4C5D6E7F0218 /* GroceryStore.swift */,
				8E9C0F1B2A3B4C5D6E7F0224 /* IngredientLibrary.swift */,
				8E9C0F1B2A3B4C5D6E7F0220 /* ContactInsert.swift */,
				8E9C0F1B2A3B4C5D6E7F0221 /* UserProfile.swift */,
				8E9C0F1B2A3B4C5D6E7F0235 /* ParsedTask.swift */,
			);
			path = Models;
			sourceTree = "<group>";
		};
		8E9C0F1B2A3B4C5D6E7F0007 /* Views */ = {
			isa = PBXGroup;
			children = (
				8E9C0F1B2A3B4C5D6E7F0215 /* AuthView.swift */,
				8E9C0F1B2A3B4C5D6E7F021A /* ProfileView.swift */,
				8E9C0F1B2A3B4C5D6E7F0217 /* CategoryPickerView.swift */,
				8E9C0F1B2A3B4C5D6E7F0233 /* CategoryIconColorPicker.swift */,
				8E9C0F1B2A3B4C5D6E7F021B /* ChecklistEditorView.swift */,
				8E9C0F1B2A3B4C5D6E7F0205 /* AddTaskView.swift */,
				8E9C0F1B2A3B4C5D6E7F0206 /* EditTaskView.swift */,
				8E9C0F1B2A3B4C5D6E7F0207 /* EmptyListView.swift */,
				8E9C0F1B2A3B4C5D6E7F0208 /* TaskListView.swift */,
				8E9C0F1B2A3B4C5D6E7F0209 /* TaskRowView.swift */,
				8E9C0F1B2A3B4C5D6E7F021C /* GroceryTemplateListView.swift */,
				8E9C0F1B2A3B4C5D6E7F021D /* GroceryItemsView.swift */,
				8E9C0F1B2A3B4C5D6E7F021E /* ShareTaskView.swift */,
				8E9C0F1B2A3B4C5D6E7F021F /* ContactsListView.swift */,
				8E9C0F1B2A3B4C5D6E7F0223 /* EmojiPickerView.swift */,
				8E9C0F1B2A3B4C5D6E7F0226 /* StorePickerView.swift */,
				8E9C0F1B2A3B4C5D6E7F0231 /* SharedAvatarView.swift */,
				8E9C0F1B2A3B4C5D6E7F0238 /* VoiceRecordingView.swift */,
				8E9C0F1B2A3B4C5D6E7F0239 /* TaskConfirmationView.swift */,
				8E9C0F1B2A3B4C5D6E7F023B /* NotificationsListView.swift */,
			);
			path = Views;
			sourceTree = "<group>";
		};
		8E9C0F1B2A3B4C5D6E7F0008 /* Utilities */ = {
			isa = PBXGroup;
			children = (
				8E9C0F1B2A3B4C5D6E7F0212 /* SupabaseConfig.swift */,
				8E9C0F1B2A3B4C5D6E7F0203 /* Color+Extensions.swift */,
				8E9C0F1B2A3B4C5D6E7F0204 /* Date+Extensions.swift */,
				8E9C0F1B2A3B4C5D6E7F0222 /* CountryCodes.swift */,
				8E9C0F1B2A3B4C5D6E7F0232 /* String+Validation.swift */,
			);
			path = Utilities;
			sourceTree = "<group>";
		};
		8E9C0F1B2A3B4C5D6E7F0009 /* Preview Content */ = {
			isa = PBXGroup;
			children = (
				8E9C0F1B2A3B4C5D6E7F0211 /* Preview Assets.xcassets */,
			);
			path = "Preview Content";
			sourceTree = "<group>";
		};
		8E9C0F1B2A3B4C5D6E7F000A /* Managers */ = {
			isa = PBXGroup;
			children = (
				8E9C0F1B2A3B4C5D6E7F0213 /* AuthManager.swift */,
				8E9C0F1B2A3B4C5D6E7F0214 /* SyncEngine.swift */,
				8E9C0F1B2A3B4C5D6E7F0216 /* CategoryStore.swift */,
				8E9C0F1B2A3B4C5D6E7F0219 /* NotificationManager.swift */,
				8E9C0F1B2A3B4C5D6E7F0225 /* StoreStore.swift */,
				8E9C0F1B2A3B4C5D6E7F0230 /* PushNotificationManager.swift */,
				8E9C0F1B2A3B4C5D6E7F0234 /* NetworkMonitor.swift */,
				8E9C0F1B2A3B4C5D6E7F0236 /* SpeechRecognitionManager.swift */,
				8E9C0F1B2A3B4C5D6E7F0237 /* TTSManager.swift */,
				8E9C0F1B2A3B4C5D6E7F023A /* VoiceTaskParser.swift */,
			);
			path = Managers;
			sourceTree = "<group>";
		};
		AD6606E42F36F09B004CEBFE /* Frameworks */ = {
			isa = PBXGroup;
			children = (
			);
			name = Frameworks;
			sourceTree = "<group>";
		};
/* End PBXGroup section */

/* Begin PBXNativeTarget section */
		8E9C0F1B2A3B4C5D6E7F0002 /* Docket */ = {
			isa = PBXNativeTarget;
			buildConfigurationList = 8E9C0F1B2A3B4C5D6E7F0402 /* Build configuration list for PBXNativeTarget "Docket" */;
			buildPhases = (
				8E9C0F1B2A3B4C5D6E7F0302 /* Sources */,
				8E9C0F1B2A3B4C5D6E7F0303 /* Resources */,
				8E9C0F1B2A3B4C5D6E7F0301 /* Frameworks */,
			);
			buildRules = (
			);
			dependencies = (
			);
			name = Docket;
			productName = Docket;
			productReference = 8E9C0F1B2A3B4C5D6E7F0200 /* Docket.app */;
			productType = "com.apple.product-type.application";
		};
/* End PBXNativeTarget section */

/* Begin PBXProject section */
		8E9C0F1B2A3B4C5D6E7F0001 /* Project object */ = {
			isa = PBXProject;
			attributes = {
				BuildIndependentTargetsInParallel = 1;
				LastSwiftUpdateCheck = 1600;
				LastUpgradeCheck = 2620;
				TargetAttributes = {
					8E9C0F1B2A3B4C5D6E7F0002 = {
						CreatedOnToolsVersion = 16.0;
					};
				};
			};
			buildConfigurationList = 8E9C0F1B2A3B4C5D6E7F0401 /* Build configuration list for PBXProject "Docket" */;
			compatibilityVersion = "Xcode 16.0";
			developmentRegion = en;
			hasScannedForEncodings = 0;
			knownRegions = (
				en,
				Base,
			);
			mainGroup = 8E9C0F1B2A3B4C5D6E7F0003;
			packageReferences = (
				AD6606E32F36EF37004CEBFE /* XCRemoteSwiftPackageReference "supabase-swift" */,
			);
			productRefGroup = 8E9C0F1B2A3B4C5D6E7F0004 /* Products */;
			projectDirPath = "";
			projectRoot = "";
			targets = (
				8E9C0F1B2A3B4C5D6E7F0002 /* Docket */,
			);
		};
/* End PBXProject section */

/* Begin PBXResourcesBuildPhase section */
		8E9C0F1B2A3B4C5D6E7F0303 /* Resources */ = {
			isa = PBXResourcesBuildPhase;
			buildActionMask = 2147483647;
			files = (
				8E9C0F1B2A3B4C5D6E7F0110 /* Assets.xcassets in Resources */,
				8E9C0F1B2A3B4C5D6E7F0111 /* Preview Assets.xcassets in Resources */,
				AD6606E92F37934E004CEBFE /* AppIcon.icon in Resources */,
			);
			runOnlyForDeploymentPostprocessing = 0;
		};
/* End PBXResourcesBuildPhase section */

/* Begin PBXSourcesBuildPhase section */
		8E9C0F1B2A3B4C5D6E7F0302 /* Sources */ = {
			isa = PBXSourcesBuildPhase;
			buildActionMask = 2147483647;
			files = (
				8E9C0F1B2A3B4C5D6E7F0101 /* DocketApp.swift in Sources */,
				8E9C0F1B2A3B4C5D6E7F0102 /* Task.swift in Sources */,
				8E9C0F1B2A3B4C5D6E7F0128 /* ContactInsert.swift in Sources */,
				8E9C0F1B2A3B4C5D6E7F0112 /* SupabaseConfig.swift in Sources */,
				8E9C0F1B2A3B4C5D6E7F0113 /* AuthManager.swift in Sources */,
				8E9C0F1B2A3B4C5D6E7F0114 /* SyncEngine.swift in Sources */,
				8E9C0F1B2A3B4C5D6E7F0130 /* PushNotificationManager.swift in Sources */,
				8E9C0F1B2A3B4C5D6E7F0134 /* NetworkMonitor.swift in Sources */,
				8E9C0F1B2A3B4C5D6E7F0103 /* Color+Extensions.swift in Sources */,
				8E9C0F1B2A3B4C5D6E7F0104 /* Date+Extensions.swift in Sources */,
				8E9C0F1B2A3B4C5D6E7F0132 /* String+Validation.swift in Sources */,
				8E9C0F1B2A3B4C5D6E7F0115 /* AuthView.swift in Sources */,
				8E9C0F1B2A3B4C5D6E7F0116 /* CategoryStore.swift in Sources */,
				8E9C0F1B2A3B4C5D6E7F0117 /* CategoryPickerView.swift in Sources */,
				8E9C0F1B2A3B4C5D6E7F0133 /* CategoryIconColorPicker.swift in Sources */,
				8E9C0F1B2A3B4C5D6E7F0121 /* NotificationManager.swift in Sources */,
				8E9C0F1B2A3B4C5D6E7F0120 /* GroceryStore.swift in Sources */,
				8E9C0F1B2A3B4C5D6E7F0122 /* ProfileView.swift in Sources */,
				8E9C0F1B2A3B4C5D6E7F0123 /* ChecklistEditorView.swift in Sources */,
				8E9C0F1B2A3B4C5D6E7F0105 /* AddTaskView.swift in Sources */,
				8E9C0F1B2A3B4C5D6E7F0106 /* EditTaskView.swift in Sources */,
				8E9C0F1B2A3B4C5D6E7F0107 /* EmptyListView.swift in Sources */,
				8E9C0F1B2A3B4C5D6E7F0108 /* TaskListView.swift in Sources */,
				8E9C0F1B2A3B4C5D6E7F0109 /* TaskRowView.swift in Sources */,
				8E9C0F1B2A3B4C5D6E7F0124 /* GroceryTemplateListView.swift in Sources */,
				8E9C0F1B2A3B4C5D6E7F0125 /* GroceryItemsView.swift in Sources */,
				8E9C0F1B2A3B4C5D6E7F0126 /* ShareTaskView.swift in Sources */,
				8E9C0F1B2A3B4C5D6E7F0127 /* ContactsListView.swift in Sources */,
				8E9C0F1B2A3B4C5D6E7F0131 /* SharedAvatarView.swift in Sources */,
				8E9C0F1B2A3B4C5D6E7F0129 /* UserProfile.swift in Sources */,
				8E9C0F1B2A3B4C5D6E7F012A /* CountryCodes.swift in Sources */,
				8E9C0F1B2A3B4C5D6E7F012B /* EmojiPickerView.swift in Sources */,
				8E9C0F1B2A3B4C5D6E7F012D /* IngredientLibrary.swift in Sources */,
				8E9C0F1B2A3B4C5D6E7F012E /* StoreStore.swift in Sources */,
				8E9C0F1B2A3B4C5D6E7F012F /* StorePickerView.swift in Sources */,
				8E9C0F1B2A3B4C5D6E7F0135 /* ParsedTask.swift in Sources */,
				8E9C0F1B2A3B4C5D6E7F0136 /* SpeechRecognitionManager.swift in Sources */,
				8E9C0F1B2A3B4C5D6E7F0137 /* TTSManager.swift in Sources */,
				8E9C0F1B2A3B4C5D6E7F0138 /* VoiceRecordingView.swift in Sources */,
				8E9C0F1B2A3B4C5D6E7F0139 /* TaskConfirmationView.swift in Sources */,
				8E9C0F1B2A3B4C5D6E7F013A /* VoiceTaskParser.swift in Sources */,
				8E9C0F1B2A3B4C5D6E7F013B /* NotificationsListView.swift in Sources */,
			);
			runOnlyForDeploymentPostprocessing = 0;
		};
/* End PBXSourcesBuildPhase section */

/* Begin XCBuildConfiguration section */
		8E9C0F1B2A3B4C5D6E7F0501 /* Debug */ = {
			isa = XCBuildConfiguration;
			buildSettings = {
				ALWAYS_SEARCH_USER_PATHS = NO;
				CLANG_ANALYZER_NONNULL = YES;
				CLANG_ANALYZER_NUMBER_OBJECT_CONVERSION = YES_AGGRESSIVE;
				CLANG_CXX_LANGUAGE_STANDARD = "gnu++20";
				CLANG_CXX_LIBRARY = "libc++";
				CLANG_ENABLE_MODULES = YES;
				CLANG_ENABLE_OBJC_ARC = YES;
				CLANG_ENABLE_OBJC_WEAK = YES;
				CLANG_WARN_BLOCK_CAPTURE_AUTORELEASING = YES;
				CLANG_WARN_BOOL_CONVERSION = YES;
				CLANG_WARN_COMMA = YES;
				CLANG_WARN_CONSTANT_CONVERSION = YES;
				CLANG_WARN_DEPRECATED_OBJC_IMPLEMENTATIONS = YES;
				CLANG_WARN_DIRECT_OBJC_ISA_USAGE = YES_ERROR;
				CLANG_WARN_DOCUMENTATION_COMMENTS = YES;
				CLANG_WARN_EMPTY_BODY = YES;
				CLANG_WARN_ENUM_CONVERSION = YES;
				CLANG_WARN_INFINITE_RECURSION = YES;
				CLANG_WARN_INT_CONVERSION = YES;
				CLANG_WARN_NON_LITERAL_NULL_CONVERSION = YES;
				CLANG_WARN_OBJC_IMPLICIT_RETAIN_SELF = YES;
				CLANG_WARN_OBJC_LITERAL_CONVERSION = YES;
				CLANG_WARN_OBJC_ROOT_CLASS = YES_ERROR;
				CLANG_WARN_QUOTED_INCLUDE_IN_FRAMEWORK_HEADER = YES;
				CLANG_WARN_RANGE_LOOP_ANALYSIS = YES;
				CLANG_WARN_STRICT_PROTOTYPES = YES;
				CLANG_WARN_SUSPICIOUS_MOVE = YES;
				CLANG_WARN_UNGUARDED_AVAILABILITY = YES;
				CLANG_WARN_UNREACHABLE_CODE = YES;
				CLANG_WARN__DUPLICATE_METHOD_MATCH = YES;
				COPY_PHASE_STRIP = NO;
				DEBUG_INFORMATION_FORMAT = dwarf;
				DEVELOPMENT_TEAM = 4597WF9M36;
				ENABLE_STRICT_OBJC_MSGSEND = YES;
				ENABLE_TESTABILITY = YES;
				ENABLE_USER_SCRIPT_SANDBOXING = YES;
				GCC_C_LANGUAGE_STANDARD = gnu11;
				GCC_DYNAMIC_NO_PIC = NO;
				GCC_NO_COMMON_BLOCKS = YES;
				GCC_WARN_64_TO_32_BIT_CONVERSION = YES;
				GCC_WARN_ABOUT_RETURN_TYPE = YES_ERROR;
				GCC_WARN_UNDECLARED_SELECTOR = YES;
				GCC_WARN_UNINITIALIZED_AUTOS = YES_AGGRESSIVE;
				GCC_WARN_UNUSED_FUNCTION = YES;
				GCC_WARN_UNUSED_VARIABLE = YES;
				IPHONEOS_DEPLOYMENT_TARGET = 17.0;
				MTL_ENABLE_DEBUG_INFO = INCLUDE_SOURCE;
				MTL_FAST_MATH = YES;
				ONLY_ACTIVE_ARCH = YES;
				SDKROOT = iphoneos;
				STRING_CATALOG_GENERATE_SYMBOLS = YES;
				SWIFT_STRICT_CONCURRENCY = complete;
				SWIFT_VERSION = 6.0;
			};
			name = Debug;
		};
		8E9C0F1B2A3B4C5D6E7F0502 /* Release */ = {
			isa = XCBuildConfiguration;
			buildSettings = {
				ALWAYS_SEARCH_USER_PATHS = NO;
				CLANG_ANALYZER_NONNULL = YES;
				CLANG_ANALYZER_NUMBER_OBJECT_CONVERSION = YES_AGGRESSIVE;
				CLANG_CXX_LANGUAGE_STANDARD = "gnu++20";
				CLANG_CXX_LIBRARY = "libc++";
				CLANG_ENABLE_MODULES = YES;
				CLANG_ENABLE_OBJC_ARC = YES;
				CLANG_ENABLE_OBJC_WEAK = YES;
				CLANG_WARN_BLOCK_CAPTURE_AUTORELEASING = YES;
				CLANG_WARN_BOOL_CONVERSION = YES;
				CLANG_WARN_COMMA = YES;
				CLANG_WARN_CONSTANT_CONVERSION = YES;
				CLANG_WARN_DEPRECATED_OBJC_IMPLEMENTATIONS = YES;
				CLANG_WARN_DIRECT_OBJC_ISA_USAGE = YES_ERROR;
				CLANG_WARN_DOCUMENTATION_COMMENTS = YES;
				CLANG_WARN_EMPTY_BODY = YES;
				CLANG_WARN_ENUM_CONVERSION = YES;
				CLANG_WARN_INFINITE_RECURSION = YES;
				CLANG_WARN_INT_CONVERSION = YES;
				CLANG_WARN_NON_LITERAL_NULL_CONVERSION = YES;
				CLANG_WARN_OBJC_IMPLICIT_RETAIN_SELF = YES;
				CLANG_WARN_OBJC_LITERAL_CONVERSION = YES;
				CLANG_WARN_OBJC_ROOT_CLASS = YES_ERROR;
				CLANG_WARN_QUOTED_INCLUDE_IN_FRAMEWORK_HEADER = YES;
				CLANG_WARN_RANGE_LOOP_ANALYSIS = YES;
				CLANG_WARN_STRICT_PROTOTYPES = YES;
				CLANG_WARN_SUSPICIOUS_MOVE = YES;
				CLANG_WARN_UNGUARDED_AVAILABILITY = YES;
				CLANG_WARN_UNREACHABLE_CODE = YES;
				CLANG_WARN__DUPLICATE_METHOD_MATCH = YES;
				COPY_PHASE_STRIP = YES;
				DEBUG_INFORMATION_FORMAT = "dwarf-with-dsym";
				DEVELOPMENT_TEAM = 4597WF9M36;
				ENABLE_NS_ASSERTIONS = NO;
				ENABLE_STRICT_OBJC_MSGSEND = YES;
				ENABLE_USER_SCRIPT_SANDBOXING = YES;
				GCC_C_LANGUAGE_STANDARD = gnu11;
				GCC_NO_COMMON_BLOCKS = YES;
				GCC_WARN_64_TO_32_BIT_CONVERSION = YES;
				GCC_WARN_ABOUT_RETURN_TYPE = YES_ERROR;
				GCC_WARN_UNDECLARED_SELECTOR = YES;
				GCC_WARN_UNINITIALIZED_AUTOS = YES_AGGRESSIVE;
				GCC_WARN_UNUSED_FUNCTION = YES;
				GCC_WARN_UNUSED_VARIABLE = YES;
				IPHONEOS_DEPLOYMENT_TARGET = 17.0;
				MTL_ENABLE_DEBUG_INFO = NO;
				MTL_FAST_MATH = YES;
				SDKROOT = iphoneos;
				STRING_CATALOG_GENERATE_SYMBOLS = YES;
				SWIFT_COMPILATION_MODE = wholemodule;
				SWIFT_STRICT_CONCURRENCY = complete;
				SWIFT_VERSION = 6.0;
				VALIDATE_PRODUCT = YES;
			};
			name = Release;
		};
		8E9C0F1B2A3B4C5D6E7F0503 /* Debug */ = {
			isa = XCBuildConfiguration;
			buildSettings = {
				ASSETCATALOG_COMPILER_APPICON_NAME = AppIcon;
				CODE_SIGN_ENTITLEMENTS = Docket/Docket.entitlements;
				CODE_SIGN_STYLE = Automatic;
				CURRENT_PROJECT_VERSION = 1;
				ENABLE_PREVIEWS = YES;
				GENERATE_INFOPLIST_FILE = YES;
				INFOPLIST_FILE = Docket/Info.plist;
				INFOPLIST_KEY_UIApplicationSceneManifest_Generation = YES;
				INFOPLIST_KEY_UIApplicationSupportsIndirectInputEvents = YES;
				INFOPLIST_KEY_UILaunchScreen_Generation = YES;
				INFOPLIST_KEY_UIStatusBarStyle = "";
				INFOPLIST_KEY_UISupportedInterfaceOrientations = UIInterfaceOrientationPortrait;
				IPHONEOS_DEPLOYMENT_TARGET = 17.0;
				MARKETING_VERSION = 1.0;
				PRODUCT_BUNDLE_IDENTIFIER = com.jensen.docket;
				PRODUCT_NAME = Docket;
				SUPPORTED_DEVICE_FAMILY = 1;
				SUPPORTED_PLATFORMS = "iphoneos iphonesimulator";
				SWIFT_VERSION = 6.0;
				TARGETED_DEVICE_FAMILY = 1;
			};
			name = Debug;
		};
		8E9C0F1B2A3B4C5D6E7F0504 /* Release */ = {
			isa = XCBuildConfiguration;
			buildSettings = {
				ASSETCATALOG_COMPILER_APPICON_NAME = AppIcon;
				CODE_SIGN_ENTITLEMENTS = Docket/Docket.entitlements;
				CODE_SIGN_STYLE = Automatic;
				CURRENT_PROJECT_VERSION = 1;
				GENERATE_INFOPLIST_FILE = YES;
				INFOPLIST_FILE = Docket/Info.plist;
				INFOPLIST_KEY_UIApplicationSceneManifest_Generation = YES;
				INFOPLIST_KEY_UIApplicationSupportsIndirectInputEvents = YES;
				INFOPLIST_KEY_UILaunchScreen_Generation = YES;
				INFOPLIST_KEY_UIStatusBarStyle = "";
				INFOPLIST_KEY_UISupportedInterfaceOrientations = UIInterfaceOrientationPortrait;
				IPHONEOS_DEPLOYMENT_TARGET = 17.0;
				MARKETING_VERSION = 1.0;
				PRODUCT_BUNDLE_IDENTIFIER = com.jensen.docket;
				PRODUCT_NAME = Docket;
				SUPPORTED_DEVICE_FAMILY = 1;
				SUPPORTED_PLATFORMS = "iphoneos iphonesimulator";
				SWIFT_VERSION = 6.0;
				TARGETED_DEVICE_FAMILY = 1;
			};
			name = Release;
		};
/* End XCBuildConfiguration section */

/* Begin XCConfigurationList section */
		8E9C0F1B2A3B4C5D6E7F0401 /* Build configuration list for PBXProject "Docket" */ = {
			isa = XCConfigurationList;
			buildConfigurations = (
				8E9C0F1B2A3B4C5D6E7F0501 /* Debug */,
				8E9C0F1B2A3B4C5D6E7F0502 /* Release */,
			);
			defaultConfigurationIsVisible = 0;
			defaultConfigurationName = Debug;
		};
		8E9C0F1B2A3B4C5D6E7F0402 /* Build configuration list for PBXNativeTarget "Docket" */ = {
			isa = XCConfigurationList;
			buildConfigurations = (
				8E9C0F1B2A3B4C5D6E7F0503 /* Debug */,
				8E9C0F1B2A3B4C5D6E7F0504 /* Release */,
			);
			defaultConfigurationIsVisible = 0;
			defaultConfigurationName = Debug;
		};
/* End XCConfigurationList section */

/* Begin XCRemoteSwiftPackageReference section */
		AD6606E32F36EF37004CEBFE /* XCRemoteSwiftPackageReference "supabase-swift" */ = {
			isa = XCRemoteSwiftPackageReference;
			repositoryURL = "https://github.com/supabase/supabase-swift";
			requirement = {
				kind = upToNextMajorVersion;
				minimumVersion = 2.5.1;
			};
		};
/* End XCRemoteSwiftPackageReference section */

/* Begin XCSwiftPackageProductDependency section */
		AD6606E52F36F09B004CEBFE /* Supabase */ = {
			isa = XCSwiftPackageProductDependency;
			package = AD6606E32F36EF37004CEBFE /* XCRemoteSwiftPackageReference "supabase-swift" */;
			productName = Supabase;
		};
/* End XCSwiftPackageProductDependency section */
	};
	rootObject = 8E9C0F1B2A3B4C5D6E7F0001 /* Project object */;
}
